
Microsoft Visual Studio Solution File, Format Version 11.00
# Visual C# Express 2010
Project("{FAE04EC0-301F-11D3-BF4B-00C04F79EFBC}") = "WebServices", "WebServices.csproj", "{CDF3D1CF-4A28-494E-BCAC-74578BC561A5}"
EndProject
Global
	GlobalSection(SolutionConfigurationPlatforms) = preSolution
		Debug|x86 = Debug|x86
		Release|x86 = Release|x86
	EndGlobalSection
	GlobalSection(ProjectConfigurationPlatforms) = postSolution
		{CDF3D1CF-4A28-494E-BCAC-74578BC561A5}.Debug|x86.ActiveCfg = Debug|x86
		{CDF3D1CF-4A28-494E-BCAC-74578BC561A5}.Debug|x86.Build.0 = Debug|x86
		{CDF3D1CF-4A28-494E-BCAC-74578BC561A5}.Release|x86.ActiveCfg = Release|x86
		{CDF3D1CF-4A28-494E-BCAC-74578BC561A5}.Release|x86.Build.0 = Release|x86
	EndGlobalSection
	GlobalSection(SolutionProperties) = preSolution
		HideSolutionNode = FALSE
	EndGlobalSection
EndGlobal
